// !$*UTF8*$!
{
	archiveVersion = 1;
	classes = {
	};
	objectVersion = 46;
	objects = {

/* Begin PBXBuildFile section */
		454E26CE19CDCABC005DCEDB /* AppDelegate.swift in Sources */ = {isa = PBXBuildFile; fileRef = 454E26CD19CDCABC005DCEDB /* AppDelegate.swift */; };
		454E26D019CDCABC005DCEDB /* ViewController.swift in Sources */ = {isa = PBXBuildFile; fileRef = 454E26CF19CDCABC005DCEDB /* ViewController.swift */; };
		454E26D319CDCABC005DCEDB /* Main.storyboard in Resources */ = {isa = PBXBuildFile; fileRef = 454E26D119CDCABC005DCEDB /* Main.storyboard */; };
		454E26D519CDCABC005DCEDB /* Images.xcassets in Resources */ = {isa = PBXBuildFile; fileRef = 454E26D419CDCABC005DCEDB /* Images.xcassets */; };
		454E26D819CDCABC005DCEDB /* LaunchScreen.xib in Resources */ = {isa = PBXBuildFile; fileRef = 454E26D619CDCABC005DCEDB /* LaunchScreen.xib */; };
		454E26E419CDCABC005DCEDB /* SwiftExamTests.swift in Sources */ = {isa = PBXBuildFile; fileRef = 454E26E319CDCABC005DCEDB /* SwiftExamTests.swift */; };
		454E26F519CDCEE9005DCEDB /* Synchronize.swift in Sources */ = {isa = PBXBuildFile; fileRef = 454E26F419CDCEE9005DCEDB /* Synchronize.swift */; };
		454E26F619CDCEE9005DCEDB /* Synchronize.swift in Sources */ = {isa = PBXBuildFile; fileRef = 454E26F419CDCEE9005DCEDB /* Synchronize.swift */; };
/* End PBXBuildFile section */

/* Begin PBXContainerItemProxy section */
		454E26DE19CDCABC005DCEDB /* PBXContainerItemProxy */ = {
			isa = PBXContainerItemProxy;
			containerPortal = 454E26C019CDCABC005DCEDB /* Project object */;
			proxyType = 1;
			remoteGlobalIDString = 454E26C719CDCABC005DCEDB;
			remoteInfo = SwiftExam;
		};
/* End PBXContainerItemProxy section */

/* Begin PBXFileReference section */
		454E26C819CDCABC005DCEDB /* SwiftExam.app */ = {isa = PBXFileReference; explicitFileType = wrapper.application; includeInIndex = 0; path = SwiftExam.app; sourceTree = BUILT_PRODUCTS_DIR; };
		454E26CC19CDCABC005DCEDB /* Info.plist */ = {isa = PBXFileReference; lastKnownFileType = text.plist.xml; path = Info.plist; sourceTree = "<group>"; };
		454E26CD19CDCABC005DCEDB /* AppDelegate.swift */ = {isa = PBXFileReference; lastKnownFileType = sourcecode.swift; path = AppDelegate.swift; sourceTree = "<group>"; };
		454E26CF19CDCABC005DCEDB /* ViewController.swift */ = {isa = PBXFileReference; lastKnownFileType = sourcecode.swift; path = ViewController.swift; sourceTree = "<group>"; };
		454E26D219CDCABC005DCEDB /* Base */ = {isa = PBXFileReference; lastKnownFileType = file.storyboard; name = Base; path = Base.lproj/Main.storyboard; sourceTree = "<group>"; };
		454E26D419CDCABC005DCEDB /* Images.xcassets */ = {isa = PBXFileReference; lastKnownFileType = folder.assetcatalog; path = Images.xcassets; sourceTree = "<group>"; };
		454E26D719CDCABC005DCEDB /* Base */ = {isa = PBXFileReference; lastKnownFileType = file.xib; name = Base; path = Base.lproj/LaunchScreen.xib; sourceTree = "<group>"; };
		454E26DD19CDCABC005DCEDB /* SwiftExamTests.xctest */ = {isa = PBXFileReference; explicitFileType = wrapper.cfbundle; includeInIndex = 0; path = SwiftExamTests.xctest; sourceTree = BUILT_PRODUCTS_DIR; };
		454E26E219CDCABC005DCEDB /* Info.plist */ = {isa = PBXFileReference; lastKnownFileType = text.plist.xml; path = Info.plist; sourceTree = "<group>"; };
		454E26E319CDCABC005DCEDB /* SwiftExamTests.swift */ = {isa = PBXFileReference; lastKnownFileType = sourcecode.swift; path = SwiftExamTests.swift; sourceTree = "<group>"; };
		454E26F419CDCEE9005DCEDB /* Synchronize.swift */ = {isa = PBXFileReference; fileEncoding = 4; lastKnownFileType = sourcecode.swift; path = Synchronize.swift; sourceTree = "<group>"; };
/* End PBXFileReference section */

/* Begin PBXFrameworksBuildPhase section */
		454E26C519CDCABC005DCEDB /* Frameworks */ = {
			isa = PBXFrameworksBuildPhase;
			buildActionMask = 2147483647;
			files = (
			);
			runOnlyForDeploymentPostprocessing = 0;
		};
		454E26DA19CDCABC005DCEDB /* Frameworks */ = {
			isa = PBXFrameworksBuildPhase;
			buildActionMask = 2147483647;
			files = (
			);
			runOnlyForDeploymentPostprocessing = 0;
		};
/* End PBXFrameworksBuildPhase section */

/* Begin PBXGroup section */
		454E26BF19CDCABC005DCEDB = {
			isa = PBXGroup;
			children = (
				454E26CA19CDCABC005DCEDB /* SwiftExam */,
				454E26E019CDCABC005DCEDB /* SwiftExamTests */,
				454E26C919CDCABC005DCEDB /* Products */,
			);
			sourceTree = "<group>";
		};
		454E26C919CDCABC005DCEDB /* Products */ = {
			isa = PBXGroup;
			children = (
				454E26C819CDCABC005DCEDB /* SwiftExam.app */,
				454E26DD19CDCABC005DCEDB /* SwiftExamTests.xctest */,
			);
			name = Products;
			sourceTree = "<group>";
		};
		454E26CA19CDCABC005DCEDB /* SwiftExam */ = {
			isa = PBXGroup;
			children = (
				454E26ED19CDCBCA005DCEDB /* Classes */,
				454E26CD19CDCABC005DCEDB /* AppDelegate.swift */,
				454E26CF19CDCABC005DCEDB /* ViewController.swift */,
				454E26D119CDCABC005DCEDB /* Main.storyboard */,
				454E26D419CDCABC005DCEDB /* Images.xcassets */,
				454E26D619CDCABC005DCEDB /* LaunchScreen.xib */,
				454E26CB19CDCABC005DCEDB /* Supporting Files */,
			);
			path = SwiftExam;
			sourceTree = "<group>";
		};
		454E26CB19CDCABC005DCEDB /* Supporting Files */ = {
			isa = PBXGroup;
			children = (
				454E26CC19CDCABC005DCEDB /* Info.plist */,
			);
			name = "Supporting Files";
			sourceTree = "<group>";
		};
		454E26E019CDCABC005DCEDB /* SwiftExamTests */ = {
			isa = PBXGroup;
			children = (
				454E26E319CDCABC005DCEDB /* SwiftExamTests.swift */,
				454E26E119CDCABC005DCEDB /* Supporting Files */,
			);
			path = SwiftExamTests;
			sourceTree = "<group>";
		};
		454E26E119CDCABC005DCEDB /* Supporting Files */ = {
			isa = PBXGroup;
			children = (
				454E26E219CDCABC005DCEDB /* Info.plist */,
			);
			name = "Supporting Files";
			sourceTree = "<group>";
		};
		454E26ED19CDCBCA005DCEDB /* Classes */ = {
			isa = PBXGroup;
			children = (
				454E26F419CDCEE9005DCEDB /* Synchronize.swift */,
			);
			path = Classes;
			sourceTree = "<group>";
		};
/* End PBXGroup section */

/* Begin PBXNativeTarget section */
		454E26C719CDCABC005DCEDB /* SwiftExam */ = {
			isa = PBXNativeTarget;
			buildConfigurationList = 454E26E719CDCABC005DCEDB /* Build configuration list for PBXNativeTarget "SwiftExam" */;
			buildPhases = (
				454E26C419CDCABC005DCEDB /* Sources */,
				454E26C519CDCABC005DCEDB /* Frameworks */,
				454E26C619CDCABC005DCEDB /* Resources */,
			);
			buildRules = (
			);
			dependencies = (
			);
			name = SwiftExam;
			productName = SwiftExam;
			productReference = 454E26C819CDCABC005DCEDB /* SwiftExam.app */;
			productType = "com.apple.product-type.application";
		};
		454E26DC19CDCABC005DCEDB /* SwiftExamTests */ = {
			isa = PBXNativeTarget;
			buildConfigurationList = 454E26EA19CDCABC005DCEDB /* Build configuration list for PBXNativeTarget "SwiftExamTests" */;
			buildPhases = (
				454E26D919CDCABC005DCEDB /* Sources */,
				454E26DA19CDCABC005DCEDB /* Frameworks */,
				454E26DB19CDCABC005DCEDB /* Resources */,
			);
			buildRules = (
			);
			dependencies = (
				454E26DF19CDCABC005DCEDB /* PBXTargetDependency */,
			);
			name = SwiftExamTests;
			productName = SwiftExamTests;
			productReference = 454E26DD19CDCABC005DCEDB /* SwiftExamTests.xctest */;
			productType = "com.apple.product-type.bundle.unit-test";
		};
/* End PBXNativeTarget section */

/* Begin PBXProject section */
		454E26C019CDCABC005DCEDB /* Project object */ = {
			isa = PBXProject;
			attributes = {
				LastUpgradeCheck = 0600;
				ORGANIZATIONNAME = "日野森寛也";
				TargetAttributes = {
					454E26C719CDCABC005DCEDB = {
						CreatedOnToolsVersion = 6.0.1;
					};
					454E26DC19CDCABC005DCEDB = {
						CreatedOnToolsVersion = 6.0.1;
						TestTargetID = 454E26C719CDCABC005DCEDB;
					};
				};
			};
			buildConfigurationList = 454E26C319CDCABC005DCEDB /* Build configuration list for PBXProject "SwiftExam" */;
			compatibilityVersion = "Xcode 3.2";
			developmentRegion = English;
			hasScannedForEncodings = 0;
			knownRegions = (
				en,
				Base,
			);
			mainGroup = 454E26BF19CDCABC005DCEDB;
			productRefGroup = 454E26C919CDCABC005DCEDB /* Products */;
			projectDirPath = "";
			projectRoot = "";
			targets = (
				454E26C719CDCABC005DCEDB /* SwiftExam */,
				454E26DC19CDCABC005DCEDB /* SwiftExamTests */,
			);
		};
/* End PBXProject section */

/* Begin PBXResourcesBuildPhase section */
		454E26C619CDCABC005DCEDB /* Resources */ = {
			isa = PBXResourcesBuildPhase;
			buildActionMask = 2147483647;
			files = (
				454E26D319CDCABC005DCEDB /* Main.storyboard in Resources */,
				454E26D819CDCABC005DCEDB /* LaunchScreen.xib in Resources */,
				454E26D519CDCABC005DCEDB /* Images.xcassets in Resources */,
			);
			runOnlyForDeploymentPostprocessing = 0;
		};
		454E26DB19CDCABC005DCEDB /* Resources */ = {
			isa = PBXResourcesBuildPhase;
			buildActionMask = 2147483647;
			files = (
			);
			runOnlyForDeploymentPostprocessing = 0;
		};
/* End PBXResourcesBuildPhase section */

/* Begin PBXSourcesBuildPhase section */
		454E26C419CDCABC005DCEDB /* Sources */ = {
			isa = PBXSourcesBuildPhase;
			buildActionMask = 2147483647;
			files = (
				454E26D019CDCABC005DCEDB /* ViewController.swift in Sources */,
				454E26F519CDCEE9005DCEDB /* Synchronize.swift in Sources */,
				454E26CE19CDCABC005DCEDB /* AppDelegate.swift in Sources */,
			);
			runOnlyForDeploymentPostprocessing = 0;
		};
		454E26D919CDCABC005DCEDB /* Sources */ = {
			isa = PBXSourcesBuildPhase;
			buildActionMask = 2147483647;
			files = (
				454E26F619CDCEE9005DCEDB /* Synchronize.swift in Sources */,
				454E26E419CDCABC005DCEDB /* SwiftExamTests.swift in Sources */,
			);
			runOnlyForDeploymentPostprocessing = 0;
		};
/* End PBXSourcesBuildPhase section */

/* Begin PBXTargetDependency section */
		454E26DF19CDCABC005DCEDB /* PBXTargetDependency */ = {
			isa = PBXTargetDependency;
			target = 454E26C719CDCABC005DCEDB /* SwiftExam */;
			targetProxy = 454E26DE19CDCABC005DCEDB /* PBXContainerItemProxy */;
		};
/* End PBXTargetDependency section */

/* Begin PBXVariantGroup section */
		454E26D119CDCABC005DCEDB /* Main.storyboard */ = {
			isa = PBXVariantGroup;
			children = (
				454E26D219CDCABC005DCEDB /* Base */,
			);
			name = Main.storyboard;
			sourceTree = "<group>";
		};
		454E26D619CDCABC005DCEDB /* LaunchScreen.xib */ = {
			isa = PBXVariantGroup;
			children = (
				454E26D719CDCABC005DCEDB /* Base */,
			);
			name = LaunchScreen.xib;
			sourceTree = "<group>";
		};
/* End PBXVariantGroup section */

/* Begin XCBuildConfiguration section */
		454E26E519CDCABC005DCEDB /* Debug */ = {
			isa = XCBuildConfiguration;
			buildSettings = {
				ALWAYS_SEARCH_USER_PATHS = NO;
				CLANG_CXX_LANGUAGE_STANDARD = "gnu++0x";
				CLANG_CXX_LIBRARY = "libc++";
				CLANG_ENABLE_MODULES = YES;
				CLANG_ENABLE_OBJC_ARC = YES;
				CLANG_WARN_BOOL_CONVERSION = YES;
				CLANG_WARN_CONSTANT_CONVERSION = YES;
				CLANG_WARN_DIRECT_OBJC_ISA_USAGE = YES_ERROR;
				CLANG_WARN_EMPTY_BODY = YES;
				CLANG_WARN_ENUM_CONVERSION = YES;
				CLANG_WARN_INT_CONVERSION = YES;
				CLANG_WARN_OBJC_ROOT_CLASS = YES_ERROR;
				CLANG_WARN_UNREACHABLE_CODE = YES;
				CLANG_WARN__DUPLICATE_METHOD_MATCH = YES;
				"CODE_SIGN_IDENTITY[sdk=iphoneos*]" = "iPhone Developer";
				COPY_PHASE_STRIP = NO;
				ENABLE_STRICT_OBJC_MSGSEND = YES;
				GCC_C_LANGUAGE_STANDARD = gnu99;
				GCC_DYNAMIC_NO_PIC = NO;
				GCC_OPTIMIZATION_LEVEL = 0;
				GCC_PREPROCESSOR_DEFINITIONS = (
					"DEBUG=1",
					"$(inherited)",
				);
				GCC_SYMBOLS_PRIVATE_EXTERN = NO;
				GCC_WARN_64_TO_32_BIT_CONVERSION = YES;
				GCC_WARN_ABOUT_RETURN_TYPE = YES_ERROR;
				GCC_WARN_UNDECLARED_SELECTOR = YES;
				GCC_WARN_UNINITIALIZED_AUTOS = YES_AGGRESSIVE;
				GCC_WARN_UNUSED_FUNCTION = YES;
				GCC_WARN_UNUSED_VARIABLE = YES;
				IPHONEOS_DEPLOYMENT_TARGET = 8.0;
				MTL_ENABLE_DEBUG_INFO = YES;
				ONLY_ACTIVE_ARCH = YES;
				SDKROOT = iphoneos;
				SWIFT_OPTIMIZATION_LEVEL = "-Onone";
			};
			name = Debug;
		};
		454E26E619CDCABC005DCEDB /* Release */ = {
			isa = XCBuildConfiguration;
			buildSettings = {
				ALWAYS_SEARCH_USER_PATHS = NO;
				CLANG_CXX_LANGUAGE_STANDARD = "gnu++0x";
				CLANG_CXX_LIBRARY = "libc++";
				CLANG_ENABLE_MODULES = YES;
				CLANG_ENABLE_OBJC_ARC = YES;
				CLANG_WARN_BOOL_CONVERSION = YES;
				CLANG_WARN_CONSTANT_CONVERSION = YES;
				CLANG_WARN_DIRECT_OBJC_ISA_USAGE = YES_ERROR;
				CLANG_WARN_EMPTY_BODY = YES;
				CLANG_WARN_ENUM_CONVERSION = YES;
				CLANG_WARN_INT_CONVERSION = YES;
				CLANG_WARN_OBJC_ROOT_CLASS = YES_ERROR;
				CLANG_WARN_UNREACHABLE_CODE = YES;
				CLANG_WARN__DUPLICATE_METHOD_MATCH = YES;
				"CODE_SIGN_IDENTITY[sdk=iphoneos*]" = "iPhone Developer";
				COPY_PHASE_STRIP = YES;
				ENABLE_NS_ASSERTIONS = NO;
				ENABLE_STRICT_OBJC_MSGSEND = YES;
				GCC_C_LANGUAGE_STANDARD = gnu99;
				GCC_WARN_64_TO_32_BIT_CONVERSION = YES;
				GCC_WARN_ABOUT_RETURN_TYPE = YES_ERROR;
				GCC_WARN_UNDECLARED_SELECTOR = YES;
				GCC_WARN_UNINITIALIZED_AUTOS = YES_AGGRESSIVE;
				GCC_WARN_UNUSED_FUNCTION = YES;
				GCC_WARN_UNUSED_VARIABLE = YES;
				IPHONEOS_DEPLOYMENT_TARGET = 8.0;
				MTL_ENABLE_DEBUG_INFO = NO;
				SDKROOT = iphoneos;
				VALIDATE_PRODUCT = YES;
			};
			name = Release;
		};
		454E26E819CDCABC005DCEDB /* Debug */ = {
			isa = XCBuildConfiguration;
			buildSettings = {
				ASSETCATALOG_COMPILER_APPICON_NAME = AppIcon;
				INFOPLIST_FILE = SwiftExam/Info.plist;
				LD_RUNPATH_SEARCH_PATHS = "$(inherited) @executable_path/Frameworks";
				PRODUCT_NAME = "$(TARGET_NAME)";
			};
			name = Debug;
		};
		454E26E919CDCABC005DCEDB /* Release */ = {
			isa = XCBuildConfiguration;
			buildSettings = {
				ASSETCATALOG_COMPILER_APPICON_NAME = AppIcon;
				INFOPLIST_FILE = SwiftExam/Info.plist;
				LD_RUNPATH_SEARCH_PATHS = "$(inherited) @executable_path/Frameworks";
				PRODUCT_NAME = "$(TARGET_NAME)";
			};
			name = Release;
		};
		454E26EB19CDCABC005DCEDB /* Debug */ = {
			isa = XCBuildConfiguration;
			buildSettings = {
				BUNDLE_LOADER = "$(TEST_HOST)";
				FRAMEWORK_SEARCH_PATHS = (
					"$(SDKROOT)/Developer/Library/Frameworks",
					"$(inherited)",
				);
				GCC_PREPROCESSOR_DEFINITIONS = (
					"DEBUG=1",
					"$(inherited)",
				);
				INFOPLIST_FILE = SwiftExamTests/Info.plist;
				LD_RUNPATH_SEARCH_PATHS = "$(inherited) @executable_path/Frameworks @loader_path/Frameworks";
				PRODUCT_NAME = "$(TARGET_NAME)";
				TEST_HOST = "$(BUILT_PRODUCTS_DIR)/SwiftExam.app/SwiftExam";
			};
			name = Debug;
		};
		454E26EC19CDCABC005DCEDB /* Release */ = {
			isa = XCBuildConfiguration;
			buildSettings = {
				BUNDLE_LOADER = "$(TEST_HOST)";
				FRAMEWORK_SEARCH_PATHS = (
					"$(SDKROOT)/Developer/Library/Frameworks",
					"$(inherited)",
				);
				INFOPLIST_FILE = SwiftExamTests/Info.plist;
				LD_RUNPATH_SEARCH_PATHS = "$(inherited) @executable_path/Frameworks @loader_path/Frameworks";
				PRODUCT_NAME = "$(TARGET_NAME)";
				TEST_HOST = "$(BUILT_PRODUCTS_DIR)/SwiftExam.app/SwiftExam";
			};
			name = Release;
		};
/* End XCBuildConfiguration section */

/* Begin XCConfigurationList section */
		454E26C319CDCABC005DCEDB /* Build configuration list for PBXProject "SwiftExam" */ = {
			isa = XCConfigurationList;
			buildConfigurations = (
				454E26E519CDCABC005DCEDB /* Debug */,
				454E26E619CDCABC005DCEDB /* Release */,
			);
			defaultConfigurationIsVisible = 0;
			defaultConfigurationName = Release;
		};
		454E26E719CDCABC005DCEDB /* Build configuration list for PBXNativeTarget "SwiftExam" */ = {
			isa = XCConfigurationList;
			buildConfigurations = (
				454E26E819CDCABC005DCEDB /* Debug */,
				454E26E919CDCABC005DCEDB /* Release */,
			);
			defaultConfigurationIsVisible = 0;
			defaultConfigurationName = Release;
		};
		454E26EA19CDCABC005DCEDB /* Build configuration list for PBXNativeTarget "SwiftExamTests" */ = {
			isa = XCConfigurationList;
			buildConfigurations = (
				454E26EB19CDCABC005DCEDB /* Debug */,
				454E26EC19CDCABC005DCEDB /* Release */,
			);
			defaultConfigurationIsVisible = 0;
			defaultConfigurationName = Release;
		};
/* End XCConfigurationList section */
	};
	rootObject = 454E26C019CDCABC005DCEDB /* Project object */;
}
